hash: 5b4f7941483af777d4b1aaf3b4226e0c9561678e4dd39e739f9d3b5b20c18190
updated: 2019-03-05T23:21:04.469653-08:00
imports:
- name: github.com/golang/protobuf
  version: aa810b61a9c79d51363740d207bb46cf8e620ed5
- name: github.com/grpc-ecosystem/grpc-gateway
  version: ae4bb97e7718691c8e0742a7c07989c91630e042
  subpackages:
  - protoc-gen-grpc-gateway
  - protoc-gen-grpc-swagger
- name: github.com/lyft/protoc-gen-validate
  version: 4349a359d42fdfee53b85dd5c89a2f169e1dc6b2
testImports: []
