hash: dba2c2ce864ed8b6e031679e300908bdb5e447c755947677402586fc37af898d
updated: 2018-09-02T22:28:16.682399-07:00
imports:
- name: github.com/golang/protobuf
  version: aa810b61a9c79d51363740d207bb46cf8e620ed5
- name: github.com/grpc-ecosystem/grpc-gateway
  version: 92583770e3f01b09a0d3e9bdf64321d8bebd48f2
  subpackages:
  - protoc-gen-grpc-gateway
  - protoc-gen-grpc-swagger
testImports: []
